
Microsoft Visual Studio Solution File, Format Version 12.00
# Visual Studio 15
VisualStudioVersion = 15.0.26730.12
MinimumVisualStudioVersion = 10.0.40219.1
Project("{FAE04EC0-301F-11D3-BF4B-00C04F79EFBC}") = "Models", "Models\Models.csproj", "{8A08CF43-494E-4829-8812-24C9C252B658}"
EndProject
Global
	GlobalSection(SolutionConfigurationPlatforms) = preSolution
		Debug|Any CPU = Debug|Any CPU
		Release|Any CPU = Release|Any CPU
	EndGlobalSection
	GlobalSection(ProjectConfigurationPlatforms) = postSolution
		{8A08CF43-494E-4829-8812-24C9C252B658}.Debug|Any CPU.ActiveCfg = Debug|Any CPU
		{8A08CF43-494E-4829-8812-24C9C252B658}.Debug|Any CPU.Build.0 = Debug|Any CPU
		{8A08CF43-494E-4829-8812-24C9C252B658}.Release|Any CPU.ActiveCfg = Release|Any CPU
		{8A08CF43-494E-4829-8812-24C9C252B658}.Release|Any CPU.Build.0 = Release|Any CPU
	EndGlobalSection
	GlobalSection(SolutionProperties) = preSolution
		HideSolutionNode = FALSE
	EndGlobalSection
	GlobalSection(ExtensibilityGlobals) = postSolution
		SolutionGuid = {0579E6E4-EEA7-4824-98F0-F2B451024D35}
	EndGlobalSection
EndGlobal
